// !$*UTF8*$!
{
	archiveVersion = 1;
	classes = {
	};
	objectVersion = 50;
	objects = {

/* Begin PBXBuildFile section */
		2DDA7ACB265D517900A8F81D /* AppDelegate.swift in Sources */ = {isa = PBXBuildFile; fileRef = 2DDA7ACA265D517900A8F81D /* AppDelegate.swift */; };
		2DDA7ACD265D517900A8F81D /* SceneDelegate.swift in Sources */ = {isa = PBXBuildFile; fileRef = 2DDA7ACC265D517900A8F81D /* SceneDelegate.swift */; };
		2DDA7AD1265D517C00A8F81D /* Assets.xcassets in Resources */ = {isa = PBXBuildFile; fileRef = 2DDA7AD0265D517C00A8F81D /* Assets.xcassets */; };
		2DDA7AD4265D517C00A8F81D /* Preview Assets.xcassets in Resources */ = {isa = PBXBuildFile; fileRef = 2DDA7AD3265D517C00A8F81D /* Preview Assets.xcassets */; };
		2DDA7AD7265D517C00A8F81D /* LaunchScreen.storyboard in Resources */ = {isa = PBXBuildFile; fileRef = 2DDA7AD5265D517C00A8F81D /* LaunchScreen.storyboard */; };
		2DDA7AE1265D519500A8F81D /* SelectView.swift in Sources */ = {isa = PBXBuildFile; fileRef = 2DDA7AE0265D519500A8F81D /* SelectView.swift */; };
		2DDA7AEA265D557E00A8F81D /* EnvelopeView.swift in Sources */ = {isa = PBXBuildFile; fileRef = 2DDA7AE8265D557E00A8F81D /* EnvelopeView.swift */; };
		2DDA7AEB265D557E00A8F81D /* Button.swift in Sources */ = {isa = PBXBuildFile; fileRef = 2DDA7AE9265D557E00A8F81D /* Button.swift */; };
		2DDA7AEE265D558700A8F81D /* MessageView.swift in Sources */ = {isa = PBXBuildFile; fileRef = 2DDA7AED265D558700A8F81D /* MessageView.swift */; };
		2DDA7B1E265D5C4E00A8F81D /* MenuView.swift in Sources */ = {isa = PBXBuildFile; fileRef = 2DDA7B1D265D5C4E00A8F81D /* MenuView.swift */; };
		2DDA7B29265D5CA000A8F81D /* CommunityListView.swift in Sources */ = {isa = PBXBuildFile; fileRef = 2DDA7B22265D5C9F00A8F81D /* CommunityListView.swift */; };
		2DDA7B2A265D5CA000A8F81D /* ChallengeFavorListView.swift in Sources */ = {isa = PBXBuildFile; fileRef = 2DDA7B24265D5CA000A8F81D /* ChallengeFavorListView.swift */; };
		2DDA7B2B265D5CA000A8F81D /* ChallengeFavorListViewModel.swift in Sources */ = {isa = PBXBuildFile; fileRef = 2DDA7B25265D5CA000A8F81D /* ChallengeFavorListViewModel.swift */; };
		2DDA7B2C265D5CA000A8F81D /* ChallengeListViewModel.swift in Sources */ = {isa = PBXBuildFile; fileRef = 2DDA7B27265D5CA000A8F81D /* ChallengeListViewModel.swift */; };
		2DDA7B2D265D5CA000A8F81D /* ChallengeListView.swift in Sources */ = {isa = PBXBuildFile; fileRef = 2DDA7B28265D5CA000A8F81D /* ChallengeListView.swift */; };
		2DDA7B34265D5D1E00A8F81D /* MockDataManager.swift in Sources */ = {isa = PBXBuildFile; fileRef = 2DDA7B30265D5D1D00A8F81D /* MockDataManager.swift */; };
		2DDA7B35265D5D1E00A8F81D /* Challenge.swift in Sources */ = {isa = PBXBuildFile; fileRef = 2DDA7B32265D5D1E00A8F81D /* Challenge.swift */; };
		2DDA7B36265D5D1E00A8F81D /* ChallengeFavorRow.swift in Sources */ = {isa = PBXBuildFile; fileRef = 2DDA7B33265D5D1E00A8F81D /* ChallengeFavorRow.swift */; };
		2DDA7B3A265D5D2200A8F81D /* DataManager.swift in Sources */ = {isa = PBXBuildFile; fileRef = 2DDA7B39265D5D2200A8F81D /* DataManager.swift */; };
		2DDA7B3F265D5D2500A8F81D /* NewChallengeView.swift in Sources */ = {isa = PBXBuildFile; fileRef = 2DDA7B3D265D5D2500A8F81D /* NewChallengeView.swift */; };
		2DDA7B40265D5D2500A8F81D /* NewChallengeViewModel.swift in Sources */ = {isa = PBXBuildFile; fileRef = 2DDA7B3E265D5D2500A8F81D /* NewChallengeViewModel.swift */; };
		2DDA7B43265D5D2D00A8F81D /* KeyboardResponder.swift in Sources */ = {isa = PBXBuildFile; fileRef = 2DDA7B42265D5D2D00A8F81D /* KeyboardResponder.swift */; };
/* End PBXBuildFile section */

/* Begin PBXFileReference section */
		2DDA7AC7265D517900A8F81D /* App.app */ = {isa = PBXFileReference; explicitFileType = wrapper.application; includeInIndex = 0; path = App.app; sourceTree = BUILT_PRODUCTS_DIR; };
		2DDA7ACA265D517900A8F81D /* AppDelegate.swift */ = {isa = PBXFileReference; lastKnownFileType = sourcecode.swift; path = AppDelegate.swift; sourceTree = "<group>"; };
		2DDA7ACC265D517900A8F81D /* SceneDelegate.swift */ = {isa = PBXFileReference; lastKnownFileType = sourcecode.swift; path = SceneDelegate.swift; sourceTree = "<group>"; };
		2DDA7AD0265D517C00A8F81D /* Assets.xcassets */ = {isa = PBXFileReference; lastKnownFileType = folder.assetcatalog; path = Assets.xcassets; sourceTree = "<group>"; };
		2DDA7AD3265D517C00A8F81D /* Preview Assets.xcassets */ = {isa = PBXFileReference; lastKnownFileType = folder.assetcatalog; path = "Preview Assets.xcassets"; sourceTree = "<group>"; };
		2DDA7AD6265D517C00A8F81D /* Base */ = {isa = PBXFileReference; lastKnownFileType = file.storyboard; name = Base; path = Base.lproj/LaunchScreen.storyboard; sourceTree = "<group>"; };
		2DDA7AD8265D517C00A8F81D /* Info.plist */ = {isa = PBXFileReference; lastKnownFileType = text.plist.xml; path = Info.plist; sourceTree = "<group>"; };
		2DDA7AE0265D519500A8F81D /* SelectView.swift */ = {isa = PBXFileReference; lastKnownFileType = sourcecode.swift; path = SelectView.swift; sourceTree = "<group>"; };
		2DDA7AE8265D557E00A8F81D /* EnvelopeView.swift */ = {isa = PBXFileReference; fileEncoding = 4; lastKnownFileType = sourcecode.swift; path = EnvelopeView.swift; sourceTree = "<group>"; };
		2DDA7AE9265D557E00A8F81D /* Button.swift */ = {isa = PBXFileReference; fileEncoding = 4; lastKnownFileType = sourcecode.swift; path = Button.swift; sourceTree = "<group>"; };
		2DDA7AED265D558700A8F81D /* MessageView.swift */ = {isa = PBXFileReference; fileEncoding = 4; lastKnownFileType = sourcecode.swift; path = MessageView.swift; sourceTree = "<group>"; };
		2DDA7B1D265D5C4E00A8F81D /* MenuView.swift */ = {isa = PBXFileReference; fileEncoding = 4; lastKnownFileType = sourcecode.swift; path = MenuView.swift; sourceTree = "<group>"; };
		2DDA7B22265D5C9F00A8F81D /* CommunityListView.swift */ = {isa = PBXFileReference; fileEncoding = 4; lastKnownFileType = sourcecode.swift; path = CommunityListView.swift; sourceTree = "<group>"; };
		2DDA7B24265D5CA000A8F81D /* ChallengeFavorListView.swift */ = {isa = PBXFileReference; fileEncoding = 4; lastKnownFileType = sourcecode.swift; path = ChallengeFavorListView.swift; sourceTree = "<group>"; };
		2DDA7B25265D5CA000A8F81D /* ChallengeFavorListViewModel.swift */ = {isa = PBXFileReference; fileEncoding = 4; lastKnownFileType = sourcecode.swift; path = ChallengeFavorListViewModel.swift; sourceTree = "<group>"; };
		2DDA7B27265D5CA000A8F81D /* ChallengeListViewModel.swift */ = {isa = PBXFileReference; fileEncoding = 4; lastKnownFileType = sourcecode.swift; path = ChallengeListViewModel.swift; sourceTree = "<group>"; };
		2DDA7B28265D5CA000A8F81D /* ChallengeListView.swift */ = {isa = PBXFileReference; fileEncoding = 4; lastKnownFileType = sourcecode.swift; path = ChallengeListView.swift; sourceTree = "<group>"; };
		2DDA7B30265D5D1D00A8F81D /* MockDataManager.swift */ = {isa = PBXFileReference; fileEncoding = 4; lastKnownFileType = sourcecode.swift; path = MockDataManager.swift; sourceTree = "<group>"; };
		2DDA7B32265D5D1E00A8F81D /* Challenge.swift */ = {isa = PBXFileReference; fileEncoding = 4; lastKnownFileType = sourcecode.swift; path = Challenge.swift; sourceTree = "<group>"; };
		2DDA7B33265D5D1E00A8F81D /* ChallengeFavorRow.swift */ = {isa = PBXFileReference; fileEncoding = 4; lastKnownFileType = sourcecode.swift; path = ChallengeFavorRow.swift; sourceTree = "<group>"; };
		2DDA7B39265D5D2200A8F81D /* DataManager.swift */ = {isa = PBXFileReference; fileEncoding = 4; lastKnownFileType = sourcecode.swift; path = DataManager.swift; sourceTree = "<group>"; };
		2DDA7B3D265D5D2500A8F81D /* NewChallengeView.swift */ = {isa = PBXFileReference; fileEncoding = 4; lastKnownFileType = sourcecode.swift; path = NewChallengeView.swift; sourceTree = "<group>"; };
		2DDA7B3E265D5D2500A8F81D /* NewChallengeViewModel.swift */ = {isa = PBXFileReference; fileEncoding = 4; lastKnownFileType = sourcecode.swift; path = NewChallengeViewModel.swift; sourceTree = "<group>"; };
		2DDA7B42265D5D2D00A8F81D /* KeyboardResponder.swift */ = {isa = PBXFileReference; fileEncoding = 4; lastKnownFileType = sourcecode.swift; path = KeyboardResponder.swift; sourceTree = "<group>"; };
/* End PBXFileReference section */

/* Begin PBXFrameworksBuildPhase section */
		2DDA7AC4265D517900A8F81D /* Frameworks */ = {
			isa = PBXFrameworksBuildPhase;
			buildActionMask = 2147483647;
			files = (
			);
			runOnlyForDeploymentPostprocessing = 0;
		};
/* End PBXFrameworksBuildPhase section */

/* Begin PBXGroup section */
		2DDA7ABE265D517900A8F81D = {
			isa = PBXGroup;
			children = (
				2DDA7B26265D5CA000A8F81D /* ChallengeList */,
				2DDA7B46265D5E8200A8F81D /* FavoriteList */,
				2DDA7B45265D5E7C00A8F81D /* Community */,
				2DDA7B1B265D5C3E00A8F81D /* MenuView */,
				2DDA7AE5265D554700A8F81D /* ChallengeShowView */,
				2DDA7ADF265D518200A8F81D /* ThreeView */,
				2DDA7AC9265D517900A8F81D /* App */,
				2DDA7AC8265D517900A8F81D /* Products */,
			);
			sourceTree = "<group>";
		};
		2DDA7AC8265D517900A8F81D /* Products */ = {
			isa = PBXGroup;
			children = (
				2DDA7AC7265D517900A8F81D /* App.app */,
			);
			name = Products;
			sourceTree = "<group>";
		};
		2DDA7AC9265D517900A8F81D /* App */ = {
			isa = PBXGroup;
			children = (
				2DDA7ACA265D517900A8F81D /* AppDelegate.swift */,
				2DDA7ACC265D517900A8F81D /* SceneDelegate.swift */,
				2DDA7AD0265D517C00A8F81D /* Assets.xcassets */,
				2DDA7AD5265D517C00A8F81D /* LaunchScreen.storyboard */,
				2DDA7AD8265D517C00A8F81D /* Info.plist */,
				2DDA7AD2265D517C00A8F81D /* Preview Content */,
			);
			path = App;
			sourceTree = "<group>";
		};
		2DDA7AD2265D517C00A8F81D /* Preview Content */ = {
			isa = PBXGroup;
			children = (
				2DDA7AD3265D517C00A8F81D /* Preview Assets.xcassets */,
			);
			path = "Preview Content";
			sourceTree = "<group>";
		};
		2DDA7ADF265D518200A8F81D /* ThreeView */ = {
			isa = PBXGroup;
			children = (
				2DDA7AE0265D519500A8F81D /* SelectView.swift */,
			);
			path = ThreeView;
			sourceTree = "<group>";
		};
		2DDA7AE5265D554700A8F81D /* ChallengeShowView */ = {
			isa = PBXGroup;
			children = (
				2DDA7AE7265D556100A8F81D /* MessageView */,
				2DDA7AE6265D555C00A8F81D /* EnvelopeView */,
			);
			path = ChallengeShowView;
			sourceTree = "<group>";
		};
		2DDA7AE6265D555C00A8F81D /* EnvelopeView */ = {
			isa = PBXGroup;
			children = (
				2DDA7AE9265D557E00A8F81D /* Button.swift */,
				2DDA7AE8265D557E00A8F81D /* EnvelopeView.swift */,
			);
			path = EnvelopeView;
			sourceTree = "<group>";
		};
		2DDA7AE7265D556100A8F81D /* MessageView */ = {
			isa = PBXGroup;
			children = (
				2DDA7AED265D558700A8F81D /* MessageView.swift */,
			);
			path = MessageView;
			sourceTree = "<group>";
		};
		2DDA7B1B265D5C3E00A8F81D /* MenuView */ = {
			isa = PBXGroup;
			children = (
				2DDA7B42265D5D2D00A8F81D /* KeyboardResponder.swift */,
				2DDA7B3C265D5D2500A8F81D /* NewChallenge */,
				2DDA7B38265D5D2200A8F81D /* Managers */,
				2DDA7B2F265D5D1D00A8F81D /* Mock */,
				2DDA7B31265D5D1E00A8F81D /* Model */,
				2DDA7B20265D5C7800A8F81D /* New Group */,
				2DDA7B1C265D5C4E00A8F81D /* Menu */,
			);
			path = MenuView;
			sourceTree = "<group>";
		};
		2DDA7B1C265D5C4E00A8F81D /* Menu */ = {
			isa = PBXGroup;
			children = (
				2DDA7B1D265D5C4E00A8F81D /* MenuView.swift */,
			);
			path = Menu;
			sourceTree = "<group>";
		};
		2DDA7B20265D5C7800A8F81D /* New Group */ = {
			isa = PBXGroup;
			children = (
			);
			path = "New Group";
			sourceTree = "<group>";
		};
		2DDA7B26265D5CA000A8F81D /* ChallengeList */ = {
			isa = PBXGroup;
			children = (
				2DDA7B27265D5CA000A8F81D /* ChallengeListViewModel.swift */,
				2DDA7B28265D5CA000A8F81D /* ChallengeListView.swift */,
			);
			path = ChallengeList;
			sourceTree = "<group>";
		};
		2DDA7B2F265D5D1D00A8F81D /* Mock */ = {
			isa = PBXGroup;
			children = (
				2DDA7B30265D5D1D00A8F81D /* MockDataManager.swift */,
			);
			path = Mock;
			sourceTree = "<group>";
		};
		2DDA7B31265D5D1E00A8F81D /* Model */ = {
			isa = PBXGroup;
			children = (
				2DDA7B32265D5D1E00A8F81D /* Challenge.swift */,
				2DDA7B33265D5D1E00A8F81D /* ChallengeFavorRow.swift */,
			);
			path = Model;
			sourceTree = "<group>";
		};
		2DDA7B38265D5D2200A8F81D /* Managers */ = {
			isa = PBXGroup;
			children = (
				2DDA7B39265D5D2200A8F81D /* DataManager.swift */,
			);
			path = Managers;
			sourceTree = "<group>";
		};
		2DDA7B3C265D5D2500A8F81D /* NewChallenge */ = {
			isa = PBXGroup;
			children = (
				2DDA7B3D265D5D2500A8F81D /* NewChallengeView.swift */,
				2DDA7B3E265D5D2500A8F81D /* NewChallengeViewModel.swift */,
			);
			path = NewChallenge;
			sourceTree = "<group>";
		};
		2DDA7B45265D5E7C00A8F81D /* Community */ = {
			isa = PBXGroup;
			children = (
				2DDA7B22265D5C9F00A8F81D /* CommunityListView.swift */,
			);
			path = Community;
			sourceTree = "<group>";
		};
		2DDA7B46265D5E8200A8F81D /* FavoriteList */ = {
			isa = PBXGroup;
			children = (
				2DDA7B24265D5CA000A8F81D /* ChallengeFavorListView.swift */,
				2DDA7B25265D5CA000A8F81D /* ChallengeFavorListViewModel.swift */,
			);
			path = FavoriteList;
			sourceTree = "<group>";
		};
/* End PBXGroup section */

/* Begin PBXNativeTarget section */
		2DDA7AC6265D517900A8F81D /* App */ = {
			isa = PBXNativeTarget;
			buildConfigurationList = 2DDA7ADB265D517C00A8F81D /* Build configuration list for PBXNativeTarget "App" */;
			buildPhases = (
				2DDA7AC3265D517900A8F81D /* Sources */,
				2DDA7AC4265D517900A8F81D /* Frameworks */,
				2DDA7AC5265D517900A8F81D /* Resources */,
			);
			buildRules = (
			);
			dependencies = (
			);
			name = App;
			productName = App;
			productReference = 2DDA7AC7265D517900A8F81D /* App.app */;
			productType = "com.apple.product-type.application";
		};
/* End PBXNativeTarget section */

/* Begin PBXProject section */
		2DDA7ABF265D517900A8F81D /* Project object */ = {
			isa = PBXProject;
			attributes = {
				LastSwiftUpdateCheck = 1240;
				LastUpgradeCheck = 1240;
				TargetAttributes = {
					2DDA7AC6265D517900A8F81D = {
						CreatedOnToolsVersion = 12.4;
					};
				};
			};
			buildConfigurationList = 2DDA7AC2265D517900A8F81D /* Build configuration list for PBXProject "App" */;
			compatibilityVersion = "Xcode 9.3";
			developmentRegion = en;
			hasScannedForEncodings = 0;
			knownRegions = (
				en,
				Base,
			);
			mainGroup = 2DDA7ABE265D517900A8F81D;
			productRefGroup = 2DDA7AC8265D517900A8F81D /* Products */;
			projectDirPath = "";
			projectRoot = "";
			targets = (
				2DDA7AC6265D517900A8F81D /* App */,
			);
		};
/* End PBXProject section */

/* Begin PBXResourcesBuildPhase section */
		2DDA7AC5265D517900A8F81D /* Resources */ = {
			isa = PBXResourcesBuildPhase;
			buildActionMask = 2147483647;
			files = (
				2DDA7AD7265D517C00A8F81D /* LaunchScreen.storyboard in Resources */,
				2DDA7AD4265D517C00A8F81D /* Preview Assets.xcassets in Resources */,
				2DDA7AD1265D517C00A8F81D /* Assets.xcassets in Resources */,
			);
			runOnlyForDeploymentPostprocessing = 0;
		};
/* End PBXResourcesBuildPhase section */

/* Begin PBXSourcesBuildPhase section */
		2DDA7AC3265D517900A8F81D /* Sources */ = {
			isa = PBXSourcesBuildPhase;
			buildActionMask = 2147483647;
			files = (
				2DDA7B2D265D5CA000A8F81D /* ChallengeListView.swift in Sources */,
				2DDA7B43265D5D2D00A8F81D /* KeyboardResponder.swift in Sources */,
				2DDA7B3A265D5D2200A8F81D /* DataManager.swift in Sources */,
				2DDA7B1E265D5C4E00A8F81D /* MenuView.swift in Sources */,
				2DDA7AEE265D558700A8F81D /* MessageView.swift in Sources */,
				2DDA7AEB265D557E00A8F81D /* Button.swift in Sources */,
				2DDA7B2B265D5CA000A8F81D /* ChallengeFavorListViewModel.swift in Sources */,
				2DDA7B3F265D5D2500A8F81D /* NewChallengeView.swift in Sources */,
				2DDA7ACB265D517900A8F81D /* AppDelegate.swift in Sources */,
				2DDA7B2A265D5CA000A8F81D /* ChallengeFavorListView.swift in Sources */,
				2DDA7B35265D5D1E00A8F81D /* Challenge.swift in Sources */,
				2DDA7ACD265D517900A8F81D /* SceneDelegate.swift in Sources */,
				2DDA7B36265D5D1E00A8F81D /* ChallengeFavorRow.swift in Sources */,
				2DDA7AEA265D557E00A8F81D /* EnvelopeView.swift in Sources */,
				2DDA7B29265D5CA000A8F81D /* CommunityListView.swift in Sources */,
				2DDA7B2C265D5CA000A8F81D /* ChallengeListViewModel.swift in Sources */,
				2DDA7AE1265D519500A8F81D /* SelectView.swift in Sources */,
				2DDA7B34265D5D1E00A8F81D /* MockDataManager.swift in Sources */,
				2DDA7B40265D5D2500A8F81D /* NewChallengeViewModel.swift in Sources */,
			);
			runOnlyForDeploymentPostprocessing = 0;
		};
/* End PBXSourcesBuildPhase section */

/* Begin PBXVariantGroup section */
		2DDA7AD5265D517C00A8F81D /* LaunchScreen.storyboard */ = {
			isa = PBXVariantGroup;
			children = (
				2DDA7AD6265D517C00A8F81D /* Base */,
			);
			name = LaunchScreen.storyboard;
			sourceTree = "<group>";
		};
/* End PBXVariantGroup section */

/* Begin XCBuildConfiguration section */
		2DDA7AD9265D517C00A8F81D /* Debug */ = {
			isa = XCBuildConfiguration;
			buildSettings = {
				ALWAYS_SEARCH_USER_PATHS = NO;
				CLANG_ANALYZER_NONNULL = YES;
				CLANG_ANALYZER_NUMBER_OBJECT_CONVERSION = YES_AGGRESSIVE;
				CLANG_CXX_LANGUAGE_STANDARD = "gnu++14";
				CLANG_CXX_LIBRARY = "libc++";
				CLANG_ENABLE_MODULES = YES;
				CLANG_ENABLE_OBJC_ARC = YES;
				CLANG_ENABLE_OBJC_WEAK = YES;
				CLANG_WARN_BLOCK_CAPTURE_AUTORELEASING = YES;
				CLANG_WARN_BOOL_CONVERSION = YES;
				CLANG_WARN_COMMA = YES;
				CLANG_WARN_CONSTANT_CONVERSION = YES;
				CLANG_WARN_DEPRECATED_OBJC_IMPLEMENTATIONS = YES;
				CLANG_WARN_DIRECT_OBJC_ISA_USAGE = YES_ERROR;
				CLANG_WARN_DOCUMENTATION_COMMENTS = YES;
				CLANG_WARN_EMPTY_BODY = YES;
				CLANG_WARN_ENUM_CONVERSION = YES;
				CLANG_WARN_INFINITE_RECURSION = YES;
				CLANG_WARN_INT_CONVERSION = YES;
				CLANG_WARN_NON_LITERAL_NULL_CONVERSION = YES;
				CLANG_WARN_OBJC_IMPLICIT_RETAIN_SELF = YES;
				CLANG_WARN_OBJC_LITERAL_CONVERSION = YES;
				CLANG_WARN_OBJC_ROOT_CLASS = YES_ERROR;
				CLANG_WARN_QUOTED_INCLUDE_IN_FRAMEWORK_HEADER = YES;
				CLANG_WARN_RANGE_LOOP_ANALYSIS = YES;
				CLANG_WARN_STRICT_PROTOTYPES = YES;
				CLANG_WARN_SUSPICIOUS_MOVE = YES;
				CLANG_WARN_UNGUARDED_AVAILABILITY = YES_AGGRESSIVE;
				CLANG_WARN_UNREACHABLE_CODE = YES;
				CLANG_WARN__DUPLICATE_METHOD_MATCH = YES;
				COPY_PHASE_STRIP = NO;
				DEBUG_INFORMATION_FORMAT = dwarf;
				ENABLE_STRICT_OBJC_MSGSEND = YES;
				ENABLE_TESTABILITY = YES;
				GCC_C_LANGUAGE_STANDARD = gnu11;
				GCC_DYNAMIC_NO_PIC = NO;
				GCC_NO_COMMON_BLOCKS = YES;
				GCC_OPTIMIZATION_LEVEL = 0;
				GCC_PREPROCESSOR_DEFINITIONS = (
					"DEBUG=1",
					"$(inherited)",
				);
				GCC_WARN_64_TO_32_BIT_CONVERSION = YES;
				GCC_WARN_ABOUT_RETURN_TYPE = YES_ERROR;
				GCC_WARN_UNDECLARED_SELECTOR = YES;
				GCC_WARN_UNINITIALIZED_AUTOS = YES_AGGRESSIVE;
				GCC_WARN_UNUSED_FUNCTION = YES;
				GCC_WARN_UNUSED_VARIABLE = YES;
				IPHONEOS_DEPLOYMENT_TARGET = 14.4;
				MTL_ENABLE_DEBUG_INFO = INCLUDE_SOURCE;
				MTL_FAST_MATH = YES;
				ONLY_ACTIVE_ARCH = YES;
				SDKROOT = iphoneos;
				SWIFT_ACTIVE_COMPILATION_CONDITIONS = DEBUG;
				SWIFT_OPTIMIZATION_LEVEL = "-Onone";
			};
			name = Debug;
		};
		2DDA7ADA265D517C00A8F81D /* Release */ = {
			isa = XCBuildConfiguration;
			buildSettings = {
				ALWAYS_SEARCH_USER_PATHS = NO;
				CLANG_ANALYZER_NONNULL = YES;
				CLANG_ANALYZER_NUMBER_OBJECT_CONVERSION = YES_AGGRESSIVE;
				CLANG_CXX_LANGUAGE_STANDARD = "gnu++14";
				CLANG_CXX_LIBRARY = "libc++";
				CLANG_ENABLE_MODULES = YES;
				CLANG_ENABLE_OBJC_ARC = YES;
				CLANG_ENABLE_OBJC_WEAK = YES;
				CLANG_WARN_BLOCK_CAPTURE_AUTORELEASING = YES;
				CLANG_WARN_BOOL_CONVERSION = YES;
				CLANG_WARN_COMMA = YES;
				CLANG_WARN_CONSTANT_CONVERSION = YES;
				CLANG_WARN_DEPRECATED_OBJC_IMPLEMENTATIONS = YES;
				CLANG_WARN_DIRECT_OBJC_ISA_USAGE = YES_ERROR;
				CLANG_WARN_DOCUMENTATION_COMMENTS = YES;
				CLANG_WARN_EMPTY_BODY = YES;
				CLANG_WARN_ENUM_CONVERSION = YES;
				CLANG_WARN_INFINITE_RECURSION = YES;
				CLANG_WARN_INT_CONVERSION = YES;
				CLANG_WARN_NON_LITERAL_NULL_CONVERSION = YES;
				CLANG_WARN_OBJC_IMPLICIT_RETAIN_SELF = YES;
				CLANG_WARN_OBJC_LITERAL_CONVERSION = YES;
				CLANG_WARN_OBJC_ROOT_CLASS = YES_ERROR;
				CLANG_WARN_QUOTED_INCLUDE_IN_FRAMEWORK_HEADER = YES;
				CLANG_WARN_RANGE_LOOP_ANALYSIS = YES;
				CLANG_WARN_STRICT_PROTOTYPES = YES;
				CLANG_WARN_SUSPICIOUS_MOVE = YES;
				CLANG_WARN_UNGUARDED_AVAILABILITY = YES_AGGRESSIVE;
				CLANG_WARN_UNREACHABLE_CODE = YES;
				CLANG_WARN__DUPLICATE_METHOD_MATCH = YES;
				COPY_PHASE_STRIP = NO;
				DEBUG_INFORMATION_FORMAT = "dwarf-with-dsym";
				ENABLE_NS_ASSERTIONS = NO;
				ENABLE_STRICT_OBJC_MSGSEND = YES;
				GCC_C_LANGUAGE_STANDARD = gnu11;
				GCC_NO_COMMON_BLOCKS = YES;
				GCC_WARN_64_TO_32_BIT_CONVERSION = YES;
				GCC_WARN_ABOUT_RETURN_TYPE = YES_ERROR;
				GCC_WARN_UNDECLARED_SELECTOR = YES;
				GCC_WARN_UNINITIALIZED_AUTOS = YES_AGGRESSIVE;
				GCC_WARN_UNUSED_FUNCTION = YES;
				GCC_WARN_UNUSED_VARIABLE = YES;
				IPHONEOS_DEPLOYMENT_TARGET = 14.4;
				MTL_ENABLE_DEBUG_INFO = NO;
				MTL_FAST_MATH = YES;
				SDKROOT = iphoneos;
				SWIFT_COMPILATION_MODE = wholemodule;
				SWIFT_OPTIMIZATION_LEVEL = "-O";
				VALIDATE_PRODUCT = YES;
			};
			name = Release;
		};
		2DDA7ADC265D517C00A8F81D /* Debug */ = {
			isa = XCBuildConfiguration;
			buildSettings = {
				ASSETCATALOG_COMPILER_APPICON_NAME = AppIcon;
				ASSETCATALOG_COMPILER_GLOBAL_ACCENT_COLOR_NAME = AccentColor;
				CODE_SIGN_STYLE = Automatic;
				DEVELOPMENT_ASSET_PATHS = "\"App/Preview Content\"";
				DEVELOPMENT_TEAM = Z74QQQYRZH;
				ENABLE_PREVIEWS = YES;
				INFOPLIST_FILE = App/Info.plist;
				LD_RUNPATH_SEARCH_PATHS = (
					"$(inherited)",
					"@executable_path/Frameworks",
				);
				PRODUCT_BUNDLE_IDENTIFIER = kr.ac.knu.comp420.ggamangmuri.App;
				PRODUCT_NAME = "$(TARGET_NAME)";
				SWIFT_VERSION = 5.0;
				TARGETED_DEVICE_FAMILY = "1,2";
			};
			name = Debug;
		};
		2DDA7ADD265D517C00A8F81D /* Release */ = {
			isa = XCBuildConfiguration;
			buildSettings = {
				ASSETCATALOG_COMPILER_APPICON_NAME = AppIcon;
				ASSETCATALOG_COMPILER_GLOBAL_ACCENT_COLOR_NAME = AccentColor;
				CODE_SIGN_STYLE = Automatic;
				DEVELOPMENT_ASSET_PATHS = "\"App/Preview Content\"";
				DEVELOPMENT_TEAM = Z74QQQYRZH;
				ENABLE_PREVIEWS = YES;
				INFOPLIST_FILE = App/Info.plist;
				LD_RUNPATH_SEARCH_PATHS = (
					"$(inherited)",
					"@executable_path/Frameworks",
				);
				PRODUCT_BUNDLE_IDENTIFIER = kr.ac.knu.comp420.ggamangmuri.App;
				PRODUCT_NAME = "$(TARGET_NAME)";
				SWIFT_VERSION = 5.0;
				TARGETED_DEVICE_FAMILY = "1,2";
			};
			name = Release;
		};
/* End XCBuildConfiguration section */

/* Begin XCConfigurationList section */
		2DDA7AC2265D517900A8F81D /* Build configuration list for PBXProject "App" */ = {
			isa = XCConfigurationList;
			buildConfigurations = (
				2DDA7AD9265D517C00A8F81D /* Debug */,
				2DDA7ADA265D517C00A8F81D /* Release */,
			);
			defaultConfigurationIsVisible = 0;
			defaultConfigurationName = Release;
		};
		2DDA7ADB265D517C00A8F81D /* Build configuration list for PBXNativeTarget "App" */ = {
			isa = XCConfigurationList;
			buildConfigurations = (
				2DDA7ADC265D517C00A8F81D /* Debug */,
				2DDA7ADD265D517C00A8F81D /* Release */,
			);
			defaultConfigurationIsVisible = 0;
			defaultConfigurationName = Release;
		};
/* End XCConfigurationList section */
	};
	rootObject = 2DDA7ABF265D517900A8F81D /* Project object */;
}
